
Microsoft Visual Studio Solution File, Format Version 12.00
# Visual Studio Version 17
VisualStudioVersion = 17.0.31903.59
MinimumVisualStudioVersion = 10.0.40219.1
Project("{FAE04EC0-301F-11D3-BF4B-00C04F79EFBC}") = "JarekWebAPI.WebApi", "JarekWebAPI.WebApi\JarekWebAPI.WebApi.csproj", "{A19A143E-91BE-42C7-9A09-8DFE31E1BC40}"
EndProject
Project("{FAE04EC0-301F-11D3-BF4B-00C04F79EFBC}") = "WebAPITestProject", "WebAPITestProject\WebAPITestProject.csproj", "{A7D0DF05-5AA0-4D00-B259-60F983590E96}"
EndProject
Global
	GlobalSection(SolutionConfigurationPlatforms) = preSolution
		Debug|Any CPU = Debug|Any CPU
		Release|Any CPU = Release|Any CPU
	EndGlobalSection
	GlobalSection(ProjectConfigurationPlatforms) = postSolution
		{A19A143E-91BE-42C7-9A09-8DFE31E1BC40}.Debug|Any CPU.ActiveCfg = Debug|Any CPU
		{A19A143E-91BE-42C7-9A09-8DFE31E1BC40}.Debug|Any CPU.Build.0 = Debug|Any CPU
		{A19A143E-91BE-42C7-9A09-8DFE31E1BC40}.Release|Any CPU.ActiveCfg = Release|Any CPU
		{A19A143E-91BE-42C7-9A09-8DFE31E1BC40}.Release|Any CPU.Build.0 = Release|Any CPU
		{A7D0DF05-5AA0-4D00-B259-60F983590E96}.Debug|Any CPU.ActiveCfg = Debug|Any CPU
		{A7D0DF05-5AA0-4D00-B259-60F983590E96}.Debug|Any CPU.Build.0 = Debug|Any CPU
		{A7D0DF05-5AA0-4D00-B259-60F983590E96}.Release|Any CPU.ActiveCfg = Release|Any CPU
		{A7D0DF05-5AA0-4D00-B259-60F983590E96}.Release|Any CPU.Build.0 = Release|Any CPU
	EndGlobalSection
	GlobalSection(SolutionProperties) = preSolution
		HideSolutionNode = FALSE
	EndGlobalSection
EndGlobal
